
Microsoft Visual Studio Solution File, Format Version 12.00
# Visual Studio Version 17
VisualStudioVersion = 17.11.35327.3
MinimumVisualStudioVersion = 10.0.40219.1
Project("{FAE04EC0-301F-11D3-BF4B-00C04F79EFBC}") = "Question3", "Question3.csproj", "{32B18709-7C92-4AE1-B0D6-3AA1E1EADE0A}"
EndProject
Global
	GlobalSection(SolutionConfigurationPlatforms) = preSolution
		Debug|Any CPU = Debug|Any CPU
		Release|Any CPU = Release|Any CPU
	EndGlobalSection
	GlobalSection(ProjectConfigurationPlatforms) = postSolution
		{32B18709-7C92-4AE1-B0D6-3AA1E1EADE0A}.Debug|Any CPU.ActiveCfg = Debug|Any CPU
		{32B18709-7C92-4AE1-B0D6-3AA1E1EADE0A}.Debug|Any CPU.Build.0 = Debug|Any CPU
		{32B18709-7C92-4AE1-B0D6-3AA1E1EADE0A}.Release|Any CPU.ActiveCfg = Release|Any CPU
		{32B18709-7C92-4AE1-B0D6-3AA1E1EADE0A}.Release|Any CPU.Build.0 = Release|Any CPU
	EndGlobalSection
	GlobalSection(SolutionProperties) = preSolution
		HideSolutionNode = FALSE
	EndGlobalSection
	GlobalSection(ExtensibilityGlobals) = postSolution
		SolutionGuid = {0E77DD0F-F53A-4263-8282-A4300A607E5B}
	EndGlobalSection
EndGlobal
